
Microsoft Visual Studio Solution File, Format Version 12.00
# Visual Studio Version 17
VisualStudioVersion = 17.12.35506.116
MinimumVisualStudioVersion = 10.0.40219.1
Project("{FAE04EC0-301F-11D3-BF4B-00C04F79EFBC}") = "TodoWebApi", "TodoWebApi\TodoWebApi.csproj", "{51813D36-44D9-4821-97E6-68FB47FC9F3E}"
EndProject
Project("{FAE04EC0-301F-11D3-BF4B-00C04F79EFBC}") = "TodoClient", "TodoClient\TodoClient.csproj", "{1524A567-6388-425A-B267-95FC03B11373}"
	ProjectSection(ProjectDependencies) = postProject
		{51813D36-44D9-4821-97E6-68FB47FC9F3E} = {51813D36-44D9-4821-97E6-68FB47FC9F3E}
	EndProjectSection
EndProject
Global
	GlobalSection(SolutionConfigurationPlatforms) = preSolution
		Debug|Any CPU = Debug|Any CPU
		Release|Any CPU = Release|Any CPU
	EndGlobalSection
	GlobalSection(ProjectConfigurationPlatforms) = postSolution
		{51813D36-44D9-4821-97E6-68FB47FC9F3E}.Debug|Any CPU.ActiveCfg = Debug|Any CPU
		{51813D36-44D9-4821-97E6-68FB47FC9F3E}.Debug|Any CPU.Build.0 = Debug|Any CPU
		{51813D36-44D9-4821-97E6-68FB47FC9F3E}.Release|Any CPU.ActiveCfg = Release|Any CPU
		{51813D36-44D9-4821-97E6-68FB47FC9F3E}.Release|Any CPU.Build.0 = Release|Any CPU
		{1524A567-6388-425A-B267-95FC03B11373}.Debug|Any CPU.ActiveCfg = Debug|Any CPU
		{1524A567-6388-425A-B267-95FC03B11373}.Debug|Any CPU.Build.0 = Debug|Any CPU
		{1524A567-6388-425A-B267-95FC03B11373}.Release|Any CPU.ActiveCfg = Release|Any CPU
		{1524A567-6388-425A-B267-95FC03B11373}.Release|Any CPU.Build.0 = Release|Any CPU
	EndGlobalSection
	GlobalSection(SolutionProperties) = preSolution
		HideSolutionNode = FALSE
	EndGlobalSection
EndGlobal
